packages:
  adv_dbg_if:
    revision: 19eeef8cae1cbec7413877b3f29fe0bd078748d7
    version: 0.0.2
    source:
      Git: https://github.com/pulp-platform/adv_dbg_if.git
    dependencies: []
  apb:
    revision: null
    version: null
    source:
      Path: working_dir/apb
    dependencies: []
  apb2per:
    revision: null
    version: null
    source:
      Path: working_dir/apb2per
    dependencies: []
  apb_adv_timer:
    revision: c8faec1e1755386d0e0f31a55ebd80612a3dcea9
    version: 1.0.4
    source:
      Git: https://github.com/pulp-platform/apb_adv_timer.git
    dependencies:
    - tech_cells_generic
  apb_fll_if:
    revision: a1f67b624fe379d4d319c809656b672f0267cfc8
    version: 0.1.3
    source:
      Git: https://github.com/pulp-platform/apb_fll_if.git
    dependencies:
    - apb
  apb_gpio:
    revision: 0e9f142f2f11278445c953ad011fce1c7ed85b66
    version: null
    source:
      Git: https://github.com/pulp-platform/apb_gpio.git
    dependencies: []
  apb_interrupt_cntrl:
    revision: 86d650f590a385cc0d5148125528527377f0527c
    version: 0.1.2
    source:
      Git: https://github.com/pulp-platform/apb_interrupt_cntrl.git
    dependencies:
    - common_cells
  apb_node:
    revision: null
    version: null
    source:
      Path: working_dir/apb_node
    dependencies:
    - apb
  axi:
    revision: null
    version: null
    source:
      Path: working_dir/axi
    dependencies:
    - common_cells
    - common_verification
  axi_slice:
    revision: a4f72bc21ac4d7da631e8309d9f8d0c34b735c23
    version: 1.1.4
    source:
      Git: https://github.com/pulp-platform/axi_slice.git
    dependencies:
    - common_cells
  cluster_interconnect:
    revision: 7d0a4f8acae71a583a6713cab5554e60b9bb8d27
    version: 1.2.1
    source:
      Git: https://github.com/pulp-platform/cluster_interconnect.git
    dependencies:
    - common_cells
  common_cells:
    revision: null
    version: null
    source:
      Path: working_dir/common_cells
    dependencies:
    - common_verification
    - tech_cells_generic
  common_verification:
    revision: 9c07fa860593b2caabd9b5681740c25fac04b878
    version: 0.2.3
    source:
      Git: https://github.com/pulp-platform/common_verification.git
    dependencies: []
  cv32e40p:
    revision: null
    version: null
    source:
      Path: working_dir/cv32e40p
    dependencies:
    - common_cells
    - fpnew
    - tech_cells_generic
  dummy_vip:
    revision: null
    version: null
    source:
      Path: working_dir/dummy_vip
    dependencies: []
  fpnew:
    revision: 8dc44406b1ccbc4487121710c1883e805f893965
    version: 0.6.6
    source:
      Git: https://github.com/pulp-platform/fpnew.git
    dependencies:
    - common_cells
    - fpu_div_sqrt_mvp
  fpu_div_sqrt_mvp:
    revision: 86e1f558b3c95e91577c41b2fc452c86b04e85ac
    version: 1.0.4
    source:
      Git: https://github.com/pulp-platform/fpu_div_sqrt_mvp.git
    dependencies:
    - common_cells
  generic_fll:
    revision: 1c92dc73a940392182fd4cb7b86f35649b349595
    version: 0.2.0
    source:
      Git: https://github.com/pulp-platform/generic_FLL.git
    dependencies: []
  hwpe-ctrl:
    revision: null
    version: null
    source:
      Path: working_dir/hwpe-ctrl
    dependencies:
    - tech_cells_generic
  hwpe-mac-engine:
    revision: null
    version: null
    source:
      Path: working_dir/hwpe-mac-engine
    dependencies:
    - hwpe-ctrl
    - hwpe-stream
  hwpe-stream:
    revision: null
    version: null
    source:
      Path: working_dir/hwpe-stream
    dependencies:
    - tech_cells_generic
  ibex:
    revision: b18f7ef178ed07f5085051f96042c670a919fd5c
    version: null
    source:
      Git: https://github.com/pulp-platform/ibex.git
    dependencies:
    - tech_cells_generic
  jtag_pulp:
    revision: d22e828aef0484c79355d97d12de044c97e1f20f
    version: 0.2.0
    source:
      Git: https://github.com/pulp-platform/jtag_pulp.git
    dependencies: []
  l2_tcdm_hybrid_interco:
    revision: fa55e72859dcfb117a2788a77352193bef94ff2b
    version: 1.0.0
    source:
      Git: https://github.com/pulp-platform/L2_tcdm_hybrid_interco.git
    dependencies: []
  pulp_soc:
    revision: null
    version: null
    source:
      Path: working_dir/pulp_soc
    dependencies:
    - adv_dbg_if
    - apb
    - apb2per
    - apb_adv_timer
    - apb_fll_if
    - apb_gpio
    - apb_interrupt_cntrl
    - apb_node
    - axi
    - axi_slice
    - cluster_interconnect
    - common_cells
    - cv32e40p
    - dummy_vip
    - fpnew
    - generic_fll
    - hwpe-mac-engine
    - ibex
    - jtag_pulp
    - l2_tcdm_hybrid_interco
    - register_interface
    - riscv-dbg
    - scm
    - tech_cells_generic
    - timer_unit
    - udma_camera
    - udma_core
    - udma_external_per
    - udma_filter
    - udma_hyper
    - udma_i2c
    - udma_i2s
    - udma_qspi
    - udma_sdio
    - udma_uart
  register_interface:
    revision: null
    version: null
    source:
      Path: working_dir/register_interface
    dependencies:
    - axi
    - common_cells
  riscv-dbg:
    revision: null
    version: null
    source:
      Path: working_dir/riscv-dbg
    dependencies:
    - common_cells
    - tech_cells_generic
  scm:
    revision: e1ad7dffd9d8702430131ec8bc1a0d9ff686ece2
    version: 1.1.0
    source:
      Git: https://github.com/pulp-platform/scm.git
    dependencies: []
  tbtools:
    revision: 4bc2c825df8540a0c0210ab7f484533809801fa2
    version: 0.2.1
    source:
      Git: https://github.com/pulp-platform/tbtools.git
    dependencies: []
  tech_cells_generic:
    revision: a9cae21902e75b1434328ecf36f85327ba5717de
    version: 0.2.11
    source:
      Git: https://github.com/pulp-platform/tech_cells_generic.git
    dependencies:
    - common_verification
  timer_unit:
    revision: 3f4ee3e5b3875a473242de5d0c3ebb5a0fe4b8db
    version: 1.0.2
    source:
      Git: https://github.com/pulp-platform/timer_unit.git
    dependencies: []
  udma_camera:
    revision: cfcd80416ef18f8e8139188b8dfa52a8a7f6f7c8
    version: 1.1.2
    source:
      Git: https://github.com/pulp-platform/udma_camera.git
    dependencies:
    - tech_cells_generic
    - udma_core
  udma_core:
    revision: null
    version: null
    source:
      Path: working_dir/udma_core
    dependencies:
    - common_cells
    - tech_cells_generic
  udma_external_per:
    revision: 8674ecd131a173915a69ee9e4a04edf8745cbcf4
    version: 1.0.4
    source:
      Git: https://github.com/pulp-platform/udma_external_per.git
    dependencies:
    - udma_core
  udma_filter:
    revision: a11e2057e7b21852e978b744714c384de49228cf
    version: 1.0.3
    source:
      Git: https://github.com/pulp-platform/udma_filter.git
    dependencies:
    - udma_core
  udma_hyper:
    revision: 83ab704f9d1c5f9e5353268c901fe95c36bcea36
    version: null
    source:
      Git: https://github.com/pulp-platform/udma_hyper.git
    dependencies: []
  udma_i2c:
    revision: null
    version: null
    source:
      Path: working_dir/udma_i2c
    dependencies:
    - udma_core
  udma_i2s:
    revision: f63cb528dbff7d580c87fd4de90dbdf0ab69048e
    version: 1.1.2
    source:
      Git: https://github.com/pulp-platform/udma_i2s.git
    dependencies:
    - common_cells
    - tech_cells_generic
    - udma_core
  udma_qspi:
    revision: ddbe8a2e530a5edafc93fe1a25f47fb4b8716bd8
    version: 1.0.4
    source:
      Git: https://github.com/pulp-platform/udma_qspi.git
    dependencies:
    - common_cells
    - tech_cells_generic
    - udma_core
  udma_sdio:
    revision: e768162ef48ad8fd873daa995ac51269fc82ec4f
    version: 1.1.2
    source:
      Git: https://github.com/pulp-platform/udma_sdio.git
    dependencies:
    - common_cells
    - tech_cells_generic
    - udma_core
  udma_uart:
    revision: null
    version: null
    source:
      Path: working_dir/udma_uart
    dependencies:
    - common_cells
    - udma_core
